
Microsoft Visual Studio Solution File, Format Version 12.00
# Visual Studio Version 17
VisualStudioVersion = 17.5.002.0
MinimumVisualStudioVersion = 10.0.40219.1
Project("{9A19103F-16F7-4668-BE54-9A1E7A4F7556}") = "ProjetoRecodeProModulo6", "ProjetoRecodeProModulo6.csproj", "{719E7E06-F85F-4F69-9D5B-524F5E9601FF}"
EndProject
Global
	GlobalSection(SolutionConfigurationPlatforms) = preSolution
		Debug|Any CPU = Debug|Any CPU
		Release|Any CPU = Release|Any CPU
	EndGlobalSection
	GlobalSection(ProjectConfigurationPlatforms) = postSolution
		{719E7E06-F85F-4F69-9D5B-524F5E9601FF}.Debug|Any CPU.ActiveCfg = Debug|Any CPU
		{719E7E06-F85F-4F69-9D5B-524F5E9601FF}.Debug|Any CPU.Build.0 = Debug|Any CPU
		{719E7E06-F85F-4F69-9D5B-524F5E9601FF}.Release|Any CPU.ActiveCfg = Release|Any CPU
		{719E7E06-F85F-4F69-9D5B-524F5E9601FF}.Release|Any CPU.Build.0 = Release|Any CPU
	EndGlobalSection
	GlobalSection(SolutionProperties) = preSolution
		HideSolutionNode = FALSE
	EndGlobalSection
	GlobalSection(ExtensibilityGlobals) = postSolution
		SolutionGuid = {D8F48804-F7DB-4DB0-A5E0-5EAC866371F8}
	EndGlobalSection
EndGlobal
